
Microsoft Visual Studio Solution File, Format Version 12.00
# Visual Studio 15
VisualStudioVersion = 15.0.28307.106
MinimumVisualStudioVersion = 10.0.40219.1
Project("{FAE04EC0-301F-11D3-BF4B-00C04F79EFBC}") = "SnakeV1", "SnakeV1\SnakeV1.csproj", "{99E5765B-6E44-4D69-A752-B6CCAFDAC59E}"
EndProject
Global
	GlobalSection(SolutionConfigurationPlatforms) = preSolution
		Debug|Any CPU = Debug|Any CPU
		Release|Any CPU = Release|Any CPU
	EndGlobalSection
	GlobalSection(ProjectConfigurationPlatforms) = postSolution
		{99E5765B-6E44-4D69-A752-B6CCAFDAC59E}.Debug|Any CPU.ActiveCfg = Debug|Any CPU
		{99E5765B-6E44-4D69-A752-B6CCAFDAC59E}.Debug|Any CPU.Build.0 = Debug|Any CPU
		{99E5765B-6E44-4D69-A752-B6CCAFDAC59E}.Release|Any CPU.ActiveCfg = Release|Any CPU
		{99E5765B-6E44-4D69-A752-B6CCAFDAC59E}.Release|Any CPU.Build.0 = Release|Any CPU
	EndGlobalSection
	GlobalSection(SolutionProperties) = preSolution
		HideSolutionNode = FALSE
	EndGlobalSection
	GlobalSection(ExtensibilityGlobals) = postSolution
		SolutionGuid = {27AC7F4E-86C9-466F-8467-B989B5D7C9D9}
	EndGlobalSection
EndGlobal
